// !$*UTF8*$!
{
	archiveVersion = 1;
	classes = {
	};
	objectVersion = 77;
	objects = {

/* Begin PBXBuildFile section */
		CADBA5DF2F940ACE0063985A /* AppState.swift in Sources */ = {isa = PBXBuildFile; fileRef = CADBA5DE2F940AB40063985A /* AppState.swift */; };
		CADBA5E12F940E640063985A /* Track.swift in Sources */ = {isa = PBXBuildFile; fileRef = CADBA5E02F940E5F0063985A /* Track.swift */; };
		CADBA5E32F94114C0063985A /* PlayerMonitorService.swift in Sources */ = {isa = PBXBuildFile; fileRef = CADBA5E22F94113F0063985A /* PlayerMonitorService.swift */; };
		CADBA5E52F941D270063985A /* LastFmService.swift in Sources */ = {isa = PBXBuildFile; fileRef = CADBA5E42F941D160063985A /* LastFmService.swift */; };
		CADBA5E72F9422310063985A /* LastFMAPI.swift in Sources */ = {isa = PBXBuildFile; fileRef = CADBA5E62F9422200063985A /* LastFMAPI.swift */; };
/* End PBXBuildFile section */

/* Begin PBXContainerItemProxy section */
		CADBA5C22F9407EF0063985A /* PBXContainerItemProxy */ = {
			isa = PBXContainerItemProxy;
			containerPortal = CADBA5AC2F9407ED0063985A /* Project object */;
			proxyType = 1;
			remoteGlobalIDString = CADBA5B32F9407ED0063985A;
			remoteInfo = "Listen Here";
		};
		CADBA5CC2F9407EF0063985A /* PBXContainerItemProxy */ = {
			isa = PBXContainerItemProxy;
			containerPortal = CADBA5AC2F9407ED0063985A /* Project object */;
			proxyType = 1;
			remoteGlobalIDString = CADBA5B32F9407ED0063985A;
			remoteInfo = "Listen Here";
		};
/* End PBXContainerItemProxy section */

/* Begin PBXFileReference section */
		CADBA5B42F9407ED0063985A /* Listen Here.app */ = {isa = PBXFileReference; explicitFileType = wrapper.application; includeInIndex = 0; path = "Listen Here.app"; sourceTree = BUILT_PRODUCTS_DIR; };
		CADBA5C12F9407EF0063985A /* Listen HereTests.xctest */ = {isa = PBXFileReference; explicitFileType = wrapper.cfbundle; includeInIndex = 0; path = "Listen HereTests.xctest"; sourceTree = BUILT_PRODUCTS_DIR; };
		CADBA5CB2F9407EF0063985A /* Listen HereUITests.xctest */ = {isa = PBXFileReference; explicitFileType = wrapper.cfbundle; includeInIndex = 0; path = "Listen HereUITests.xctest"; sourceTree = BUILT_PRODUCTS_DIR; };
		CADBA5DE2F940AB40063985A /* AppState.swift */ = {isa = PBXFileReference; lastKnownFileType = sourcecode.swift; path = AppState.swift; sourceTree = "<group>"; };
		CADBA5E02F940E5F0063985A /* Track.swift */ = {isa = PBXFileReference; lastKnownFileType = sourcecode.swift; path = Track.swift; sourceTree = "<group>"; };
		CADBA5E22F94113F0063985A /* PlayerMonitorService.swift */ = {isa = PBXFileReference; lastKnownFileType = sourcecode.swift; path = PlayerMonitorService.swift; sourceTree = "<group>"; };
		CADBA5E42F941D160063985A /* LastFmService.swift */ = {isa = PBXFileReference; lastKnownFileType = sourcecode.swift; path = LastFmService.swift; sourceTree = "<group>"; };
		CADBA5E62F9422200063985A /* LastFMAPI.swift */ = {isa = PBXFileReference; lastKnownFileType = sourcecode.swift; path = LastFMAPI.swift; sourceTree = "<group>"; };
/* End PBXFileReference section */

/* Begin PBXFileSystemSynchronizedBuildFileExceptionSet section */
		CADBA5E92F9438530063985A /* Exceptions for "Listen Here" folder in "Listen Here" target */ = {
			isa = PBXFileSystemSynchronizedBuildFileExceptionSet;
			membershipExceptions = (
				"Listen-Here-Info.plist",
			);
			target = CADBA5B32F9407ED0063985A /* Listen Here */;
		};
/* End PBXFileSystemSynchronizedBuildFileExceptionSet section */

/* Begin PBXFileSystemSynchronizedRootGroup section */
		CADBA5B62F9407ED0063985A /* Listen Here */ = {
			isa = PBXFileSystemSynchronizedRootGroup;
			exceptions = (
				CADBA5E92F9438530063985A /* Exceptions for "Listen Here" folder in "Listen Here" target */,
			);
			path = "Listen Here";
			sourceTree = "<group>";
		};
		CADBA5C42F9407EF0063985A /* Listen HereTests */ = {
			isa = PBXFileSystemSynchronizedRootGroup;
			path = "Listen HereTests";
			sourceTree = "<group>";
		};
		CADBA5CE2F9407EF0063985A /* Listen HereUITests */ = {
			isa = PBXFileSystemSynchronizedRootGroup;
			path = "Listen HereUITests";
			sourceTree = "<group>";
		};
/* End PBXFileSystemSynchronizedRootGroup section */

/* Begin PBXFrameworksBuildPhase section */
		CADBA5B12F9407ED0063985A /* Frameworks */ = {
			isa = PBXFrameworksBuildPhase;
			buildActionMask = 2147483647;
			files = (
			);
			runOnlyForDeploymentPostprocessing = 0;
		};
		CADBA5BE2F9407EF0063985A /* Frameworks */ = {
			isa = PBXFrameworksBuildPhase;
			buildActionMask = 2147483647;
			files = (
			);
			runOnlyForDeploymentPostprocessing = 0;
		};
		CADBA5C82F9407EF0063985A /* Frameworks */ = {
			isa = PBXFrameworksBuildPhase;
			buildActionMask = 2147483647;
			files = (
			);
			runOnlyForDeploymentPostprocessing = 0;
		};
/* End PBXFrameworksBuildPhase section */

/* Begin PBXGroup section */
		CADBA5AB2F9407ED0063985A = {
			isa = PBXGroup;
			children = (
				CADBA5E62F9422200063985A /* LastFMAPI.swift */,
				CADBA5E42F941D160063985A /* LastFmService.swift */,
				CADBA5E22F94113F0063985A /* PlayerMonitorService.swift */,
				CADBA5E02F940E5F0063985A /* Track.swift */,
				CADBA5DE2F940AB40063985A /* AppState.swift */,
				CADBA5B62F9407ED0063985A /* Listen Here */,
				CADBA5C42F9407EF0063985A /* Listen HereTests */,
				CADBA5CE2F9407EF0063985A /* Listen HereUITests */,
				CADBA5B52F9407ED0063985A /* Products */,
			);
			sourceTree = "<group>";
		};
		CADBA5B52F9407ED0063985A /* Products */ = {
			isa = PBXGroup;
			children = (
				CADBA5B42F9407ED0063985A /* Listen Here.app */,
				CADBA5C12F9407EF0063985A /* Listen HereTests.xctest */,
				CADBA5CB2F9407EF0063985A /* Listen HereUITests.xctest */,
			);
			name = Products;
			sourceTree = "<group>";
		};
/* End PBXGroup section */

/* Begin PBXNativeTarget section */
		CADBA5B32F9407ED0063985A /* Listen Here */ = {
			isa = PBXNativeTarget;
			buildConfigurationList = CADBA5D52F9407EF0063985A /* Build configuration list for PBXNativeTarget "Listen Here" */;
			buildPhases = (
				CADBA5B02F9407ED0063985A /* Sources */,
				CADBA5B12F9407ED0063985A /* Frameworks */,
				CADBA5B22F9407ED0063985A /* Resources */,
			);
			buildRules = (
			);
			dependencies = (
			);
			fileSystemSynchronizedGroups = (
				CADBA5B62F9407ED0063985A /* Listen Here */,
			);
			name = "Listen Here";
			packageProductDependencies = (
			);
			productName = "Listen Here";
			productReference = CADBA5B42F9407ED0063985A /* Listen Here.app */;
			productType = "com.apple.product-type.application";
		};
		CADBA5C02F9407EF0063985A /* Listen HereTests */ = {
			isa = PBXNativeTarget;
			buildConfigurationList = CADBA5D82F9407EF0063985A /* Build configuration list for PBXNativeTarget "Listen HereTests" */;
			buildPhases = (
				CADBA5BD2F9407EF0063985A /* Sources */,
				CADBA5BE2F9407EF0063985A /* Frameworks */,
				CADBA5BF2F9407EF0063985A /* Resources */,
			);
			buildRules = (
			);
			dependencies = (
				CADBA5C32F9407EF0063985A /* PBXTargetDependency */,
			);
			fileSystemSynchronizedGroups = (
				CADBA5C42F9407EF0063985A /* Listen HereTests */,
			);
			name = "Listen HereTests";
			packageProductDependencies = (
			);
			productName = "Listen HereTests";
			productReference = CADBA5C12F9407EF0063985A /* Listen HereTests.xctest */;
			productType = "com.apple.product-type.bundle.unit-test";
		};
		CADBA5CA2F9407EF0063985A /* Listen HereUITests */ = {
			isa = PBXNativeTarget;
			buildConfigurationList = CADBA5DB2F9407EF0063985A /* Build configuration list for PBXNativeTarget "Listen HereUITests" */;
			buildPhases = (
				CADBA5C72F9407EF0063985A /* Sources */,
				CADBA5C82F9407EF0063985A /* Frameworks */,
				CADBA5C92F9407EF0063985A /* Resources */,
			);
			buildRules = (
			);
			dependencies = (
				CADBA5CD2F9407EF0063985A /* PBXTargetDependency */,
			);
			fileSystemSynchronizedGroups = (
				CADBA5CE2F9407EF0063985A /* Listen HereUITests */,
			);
			name = "Listen HereUITests";
			packageProductDependencies = (
			);
			productName = "Listen HereUITests";
			productReference = CADBA5CB2F9407EF0063985A /* Listen HereUITests.xctest */;
			productType = "com.apple.product-type.bundle.ui-testing";
		};
/* End PBXNativeTarget section */

/* Begin PBXProject section */
		CADBA5AC2F9407ED0063985A /* Project object */ = {
			isa = PBXProject;
			attributes = {
				BuildIndependentTargetsInParallel = 1;
				LastSwiftUpdateCheck = 2640;
				LastUpgradeCheck = 2640;
				TargetAttributes = {
					CADBA5B32F9407ED0063985A = {
						CreatedOnToolsVersion = 26.4.1;
					};
					CADBA5C02F9407EF0063985A = {
						CreatedOnToolsVersion = 26.4.1;
						TestTargetID = CADBA5B32F9407ED0063985A;
					};
					CADBA5CA2F9407EF0063985A = {
						CreatedOnToolsVersion = 26.4.1;
						TestTargetID = CADBA5B32F9407ED0063985A;
					};
				};
			};
			buildConfigurationList = CADBA5AF2F9407ED0063985A /* Build configuration list for PBXProject "Listen Here" */;
			developmentRegion = en;
			hasScannedForEncodings = 0;
			knownRegions = (
				en,
				Base,
			);
			mainGroup = CADBA5AB2F9407ED0063985A;
			minimizedProjectReferenceProxies = 1;
			preferredProjectObjectVersion = 77;
			productRefGroup = CADBA5B52F9407ED0063985A /* Products */;
			projectDirPath = "";
			projectRoot = "";
			targets = (
				CADBA5B32F9407ED0063985A /* Listen Here */,
				CADBA5C02F9407EF0063985A /* Listen HereTests */,
				CADBA5CA2F9407EF0063985A /* Listen HereUITests */,
			);
		};
/* End PBXProject section */

/* Begin PBXResourcesBuildPhase section */
		CADBA5B22F9407ED0063985A /* Resources */ = {
			isa = PBXResourcesBuildPhase;
			buildActionMask = 2147483647;
			files = (
			);
			runOnlyForDeploymentPostprocessing = 0;
		};
		CADBA5BF2F9407EF0063985A /* Resources */ = {
			isa = PBXResourcesBuildPhase;
			buildActionMask = 2147483647;
			files = (
			);
			runOnlyForDeploymentPostprocessing = 0;
		};
		CADBA5C92F9407EF0063985A /* Resources */ = {
			isa = PBXResourcesBuildPhase;
			buildActionMask = 2147483647;
			files = (
			);
			runOnlyForDeploymentPostprocessing = 0;
		};
/* End PBXResourcesBuildPhase section */

/* Begin PBXSourcesBuildPhase section */
		CADBA5B02F9407ED0063985A /* Sources */ = {
			isa = PBXSourcesBuildPhase;
			buildActionMask = 2147483647;
			files = (
				CADBA5DF2F940ACE0063985A /* AppState.swift in Sources */,
				CADBA5E52F941D270063985A /* LastFmService.swift in Sources */,
				CADBA5E32F94114C0063985A /* PlayerMonitorService.swift in Sources */,
				CADBA5E72F9422310063985A /* LastFMAPI.swift in Sources */,
				CADBA5E12F940E640063985A /* Track.swift in Sources */,
			);
			runOnlyForDeploymentPostprocessing = 0;
		};
		CADBA5BD2F9407EF0063985A /* Sources */ = {
			isa = PBXSourcesBuildPhase;
			buildActionMask = 2147483647;
			files = (
			);
			runOnlyForDeploymentPostprocessing = 0;
		};
		CADBA5C72F9407EF0063985A /* Sources */ = {
			isa = PBXSourcesBuildPhase;
			buildActionMask = 2147483647;
			files = (
			);
			runOnlyForDeploymentPostprocessing = 0;
		};
/* End PBXSourcesBuildPhase section */

/* Begin PBXTargetDependency section */
		CADBA5C32F9407EF0063985A /* PBXTargetDependency */ = {
			isa = PBXTargetDependency;
			target = CADBA5B32F9407ED0063985A /* Listen Here */;
			targetProxy = CADBA5C22F9407EF0063985A /* PBXContainerItemProxy */;
		};
		CADBA5CD2F9407EF0063985A /* PBXTargetDependency */ = {
			isa = PBXTargetDependency;
			target = CADBA5B32F9407ED0063985A /* Listen Here */;
			targetProxy = CADBA5CC2F9407EF0063985A /* PBXContainerItemProxy */;
		};
/* End PBXTargetDependency section */

/* Begin XCBuildConfiguration section */
		CADBA5D32F9407EF0063985A /* Debug */ = {
			isa = XCBuildConfiguration;
			buildSettings = {
				ALWAYS_SEARCH_USER_PATHS = NO;
				ASSETCATALOG_COMPILER_GENERATE_SWIFT_ASSET_SYMBOL_EXTENSIONS = YES;
				CLANG_ANALYZER_NONNULL = YES;
				CLANG_ANALYZER_NUMBER_OBJECT_CONVERSION = YES_AGGRESSIVE;
				CLANG_CXX_LANGUAGE_STANDARD = "gnu++20";
				CLANG_ENABLE_MODULES = YES;
				CLANG_ENABLE_OBJC_ARC = YES;
				CLANG_ENABLE_OBJC_WEAK = YES;
				CLANG_WARN_BLOCK_CAPTURE_AUTORELEASING = YES;
				CLANG_WARN_BOOL_CONVERSION = YES;
				CLANG_WARN_COMMA = YES;
				CLANG_WARN_CONSTANT_CONVERSION = YES;
				CLANG_WARN_DEPRECATED_OBJC_IMPLEMENTATIONS = YES;
				CLANG_WARN_DIRECT_OBJC_ISA_USAGE = YES_ERROR;
				CLANG_WARN_DOCUMENTATION_COMMENTS = YES;
				CLANG_WARN_EMPTY_BODY = YES;
				CLANG_WARN_ENUM_CONVERSION = YES;
				CLANG_WARN_INFINITE_RECURSION = YES;
				CLANG_WARN_INT_CONVERSION = YES;
				CLANG_WARN_NON_LITERAL_NULL_CONVERSION = YES;
				CLANG_WARN_OBJC_IMPLICIT_RETAIN_SELF = YES;
				CLANG_WARN_OBJC_LITERAL_CONVERSION = YES;
				CLANG_WARN_OBJC_ROOT_CLASS = YES_ERROR;
				CLANG_WARN_QUOTED_INCLUDE_IN_FRAMEWORK_HEADER = YES;
				CLANG_WARN_RANGE_LOOP_ANALYSIS = YES;
				CLANG_WARN_STRICT_PROTOTYPES = YES;
				CLANG_WARN_SUSPICIOUS_MOVE = YES;
				CLANG_WARN_UNGUARDED_AVAILABILITY = YES_AGGRESSIVE;
				CLANG_WARN_UNREACHABLE_CODE = YES;
				CLANG_WARN__DUPLICATE_METHOD_MATCH = YES;
				COPY_PHASE_STRIP = NO;
				DEBUG_INFORMATION_FORMAT = dwarf;
				DEVELOPMENT_TEAM = C4PV6RRM6Z;
				ENABLE_STRICT_OBJC_MSGSEND = YES;
				ENABLE_TESTABILITY = YES;
				ENABLE_USER_SCRIPT_SANDBOXING = YES;
				GCC_C_LANGUAGE_STANDARD = gnu17;
				GCC_DYNAMIC_NO_PIC = NO;
				GCC_NO_COMMON_BLOCKS = YES;
				GCC_OPTIMIZATION_LEVEL = 0;
				GCC_PREPROCESSOR_DEFINITIONS = (
					"DEBUG=1",
					"$(inherited)",
				);
				GCC_WARN_64_TO_32_BIT_CONVERSION = YES;
				GCC_WARN_ABOUT_RETURN_TYPE = YES_ERROR;
				GCC_WARN_UNDECLARED_SELECTOR = YES;
				GCC_WARN_UNINITIALIZED_AUTOS = YES_AGGRESSIVE;
				GCC_WARN_UNUSED_FUNCTION = YES;
				GCC_WARN_UNUSED_VARIABLE = YES;
				LOCALIZATION_PREFERS_STRING_CATALOGS = YES;
				MACOSX_DEPLOYMENT_TARGET = 26.4;
				MTL_ENABLE_DEBUG_INFO = INCLUDE_SOURCE;
				MTL_FAST_MATH = YES;
				ONLY_ACTIVE_ARCH = YES;
				SDKROOT = macosx;
				SWIFT_ACTIVE_COMPILATION_CONDITIONS = "DEBUG $(inherited)";
				SWIFT_OPTIMIZATION_LEVEL = "-Onone";
			};
			name = Debug;
		};
		CADBA5D42F9407EF0063985A /* Release */ = {
			isa = XCBuildConfiguration;
			buildSettings = {
				ALWAYS_SEARCH_USER_PATHS = NO;
				ASSETCATALOG_COMPILER_GENERATE_SWIFT_ASSET_SYMBOL_EXTENSIONS = YES;
				CLANG_ANALYZER_NONNULL = YES;
				CLANG_ANALYZER_NUMBER_OBJECT_CONVERSION = YES_AGGRESSIVE;
				CLANG_CXX_LANGUAGE_STANDARD = "gnu++20";
				CLANG_ENABLE_MODULES = YES;
				CLANG_ENABLE_OBJC_ARC = YES;
				CLANG_ENABLE_OBJC_WEAK = YES;
				CLANG_WARN_BLOCK_CAPTURE_AUTORELEASING = YES;
				CLANG_WARN_BOOL_CONVERSION = YES;
				CLANG_WARN_COMMA = YES;
				CLANG_WARN_CONSTANT_CONVERSION = YES;
				CLANG_WARN_DEPRECATED_OBJC_IMPLEMENTATIONS = YES;
				CLANG_WARN_DIRECT_OBJC_ISA_USAGE = YES_ERROR;
				CLANG_WARN_DOCUMENTATION_COMMENTS = YES;
				CLANG_WARN_EMPTY_BODY = YES;
				CLANG_WARN_ENUM_CONVERSION = YES;
				CLANG_WARN_INFINITE_RECURSION = YES;
				CLANG_WARN_INT_CONVERSION = YES;
				CLANG_WARN_NON_LITERAL_NULL_CONVERSION = YES;
				CLANG_WARN_OBJC_IMPLICIT_RETAIN_SELF = YES;
				CLANG_WARN_OBJC_LITERAL_CONVERSION = YES;
				CLANG_WARN_OBJC_ROOT_CLASS = YES_ERROR;
				CLANG_WARN_QUOTED_INCLUDE_IN_FRAMEWORK_HEADER = YES;
				CLANG_WARN_RANGE_LOOP_ANALYSIS = YES;
				CLANG_WARN_STRICT_PROTOTYPES = YES;
				CLANG_WARN_SUSPICIOUS_MOVE = YES;
				CLANG_WARN_UNGUARDED_AVAILABILITY = YES_AGGRESSIVE;
				CLANG_WARN_UNREACHABLE_CODE = YES;
				CLANG_WARN__DUPLICATE_METHOD_MATCH = YES;
				COPY_PHASE_STRIP = NO;
				DEBUG_INFORMATION_FORMAT = "dwarf-with-dsym";
				DEVELOPMENT_TEAM = C4PV6RRM6Z;
				ENABLE_NS_ASSERTIONS = NO;
				ENABLE_STRICT_OBJC_MSGSEND = YES;
				ENABLE_USER_SCRIPT_SANDBOXING = YES;
				GCC_C_LANGUAGE_STANDARD = gnu17;
				GCC_NO_COMMON_BLOCKS = YES;
				GCC_WARN_64_TO_32_BIT_CONVERSION = YES;
				GCC_WARN_ABOUT_RETURN_TYPE = YES_ERROR;
				GCC_WARN_UNDECLARED_SELECTOR = YES;
				GCC_WARN_UNINITIALIZED_AUTOS = YES_AGGRESSIVE;
				GCC_WARN_UNUSED_FUNCTION = YES;
				GCC_WARN_UNUSED_VARIABLE = YES;
				LOCALIZATION_PREFERS_STRING_CATALOGS = YES;
				MACOSX_DEPLOYMENT_TARGET = 26.4;
				MTL_ENABLE_DEBUG_INFO = NO;
				MTL_FAST_MATH = YES;
				SDKROOT = macosx;
				SWIFT_COMPILATION_MODE = wholemodule;
			};
			name = Release;
		};
		CADBA5D62F9407EF0063985A /* Debug */ = {
			isa = XCBuildConfiguration;
			buildSettings = {
				ASSETCATALOG_COMPILER_APPICON_NAME = AppIcon;
				ASSETCATALOG_COMPILER_GLOBAL_ACCENT_COLOR_NAME = AccentColor;
				CODE_SIGN_STYLE = Automatic;
				COMBINE_HIDPI_IMAGES = YES;
				CURRENT_PROJECT_VERSION = 1;
				DEVELOPMENT_TEAM = C4PV6RRM6Z;
				ENABLE_APP_SANDBOX = YES;
				ENABLE_HARDENED_RUNTIME = YES;
				ENABLE_INCOMING_NETWORK_CONNECTIONS = NO;
				ENABLE_OUTGOING_NETWORK_CONNECTIONS = YES;
				ENABLE_PREVIEWS = YES;
				ENABLE_RESOURCE_ACCESS_AUDIO_INPUT = NO;
				ENABLE_RESOURCE_ACCESS_BLUETOOTH = NO;
				ENABLE_RESOURCE_ACCESS_CALENDARS = NO;
				ENABLE_RESOURCE_ACCESS_CAMERA = NO;
				ENABLE_RESOURCE_ACCESS_CONTACTS = NO;
				ENABLE_RESOURCE_ACCESS_LOCATION = NO;
				ENABLE_RESOURCE_ACCESS_PRINTING = NO;
				ENABLE_RESOURCE_ACCESS_USB = NO;
				ENABLE_USER_SELECTED_FILES = readonly;
				GENERATE_INFOPLIST_FILE = YES;
				INFOPLIST_FILE = "Listen-Here-Info.plist";
				INFOPLIST_KEY_NSHumanReadableCopyright = "";
				LD_RUNPATH_SEARCH_PATHS = (
					"$(inherited)",
					"@executable_path/../Frameworks",
				);
				MARKETING_VERSION = 1.0;
				PRODUCT_BUNDLE_IDENTIFIER = "prolapse-working.Listen-Here";
				PRODUCT_NAME = "$(TARGET_NAME)";
				REGISTER_APP_GROUPS = YES;
				STRING_CATALOG_GENERATE_SYMBOLS = YES;
				SWIFT_APPROACHABLE_CONCURRENCY = YES;
				SWIFT_DEFAULT_ACTOR_ISOLATION = MainActor;
				SWIFT_EMIT_LOC_STRINGS = YES;
				SWIFT_UPCOMING_FEATURE_MEMBER_IMPORT_VISIBILITY = YES;
				SWIFT_VERSION = 5.0;
			};
			name = Debug;
		};
		CADBA5D72F9407EF0063985A /* Release */ = {
			isa = XCBuildConfiguration;
			buildSettings = {
				ASSETCATALOG_COMPILER_APPICON_NAME = AppIcon;
				ASSETCATALOG_COMPILER_GLOBAL_ACCENT_COLOR_NAME = AccentColor;
				CODE_SIGN_STYLE = Automatic;
				COMBINE_HIDPI_IMAGES = YES;
				CURRENT_PROJECT_VERSION = 1;
				DEVELOPMENT_TEAM = C4PV6RRM6Z;
				ENABLE_APP_SANDBOX = YES;
				ENABLE_HARDENED_RUNTIME = YES;
				ENABLE_INCOMING_NETWORK_CONNECTIONS = NO;
				ENABLE_OUTGOING_NETWORK_CONNECTIONS = YES;
				ENABLE_PREVIEWS = YES;
				ENABLE_RESOURCE_ACCESS_AUDIO_INPUT = NO;
				ENABLE_RESOURCE_ACCESS_BLUETOOTH = NO;
				ENABLE_RESOURCE_ACCESS_CALENDARS = NO;
				ENABLE_RESOURCE_ACCESS_CAMERA = NO;
				ENABLE_RESOURCE_ACCESS_CONTACTS = NO;
				ENABLE_RESOURCE_ACCESS_LOCATION = NO;
				ENABLE_RESOURCE_ACCESS_PRINTING = NO;
				ENABLE_RESOURCE_ACCESS_USB = NO;
				ENABLE_USER_SELECTED_FILES = readonly;
				GENERATE_INFOPLIST_FILE = YES;
				INFOPLIST_FILE = "Listen-Here-Info.plist";
				INFOPLIST_KEY_NSHumanReadableCopyright = "";
				LD_RUNPATH_SEARCH_PATHS = (
					"$(inherited)",
					"@executable_path/../Frameworks",
				);
				MARKETING_VERSION = 1.0;
				PRODUCT_BUNDLE_IDENTIFIER = "prolapse-working.Listen-Here";
				PRODUCT_NAME = "$(TARGET_NAME)";
				REGISTER_APP_GROUPS = YES;
				STRING_CATALOG_GENERATE_SYMBOLS = YES;
				SWIFT_APPROACHABLE_CONCURRENCY = YES;
				SWIFT_DEFAULT_ACTOR_ISOLATION = MainActor;
				SWIFT_EMIT_LOC_STRINGS = YES;
				SWIFT_UPCOMING_FEATURE_MEMBER_IMPORT_VISIBILITY = YES;
				SWIFT_VERSION = 5.0;
			};
			name = Release;
		};
		CADBA5D92F9407EF0063985A /* Debug */ = {
			isa = XCBuildConfiguration;
			buildSettings = {
				BUNDLE_LOADER = "$(TEST_HOST)";
				CODE_SIGN_STYLE = Automatic;
				CURRENT_PROJECT_VERSION = 1;
				DEVELOPMENT_TEAM = C4PV6RRM6Z;
				GENERATE_INFOPLIST_FILE = YES;
				MACOSX_DEPLOYMENT_TARGET = 26.4;
				MARKETING_VERSION = 1.0;
				PRODUCT_BUNDLE_IDENTIFIER = "prolapse-working.Listen-HereTests";
				PRODUCT_NAME = "$(TARGET_NAME)";
				STRING_CATALOG_GENERATE_SYMBOLS = NO;
				SWIFT_APPROACHABLE_CONCURRENCY = YES;
				SWIFT_EMIT_LOC_STRINGS = NO;
				SWIFT_UPCOMING_FEATURE_MEMBER_IMPORT_VISIBILITY = YES;
				SWIFT_VERSION = 5.0;
				TEST_HOST = "$(BUILT_PRODUCTS_DIR)/Listen Here.app/$(BUNDLE_EXECUTABLE_FOLDER_PATH)/Listen Here";
			};
			name = Debug;
		};
		CADBA5DA2F9407EF0063985A /* Release */ = {
			isa = XCBuildConfiguration;
			buildSettings = {
				BUNDLE_LOADER = "$(TEST_HOST)";
				CODE_SIGN_STYLE = Automatic;
				CURRENT_PROJECT_VERSION = 1;
				DEVELOPMENT_TEAM = C4PV6RRM6Z;
				GENERATE_INFOPLIST_FILE = YES;
				MACOSX_DEPLOYMENT_TARGET = 26.4;
				MARKETING_VERSION = 1.0;
				PRODUCT_BUNDLE_IDENTIFIER = "prolapse-working.Listen-HereTests";
				PRODUCT_NAME = "$(TARGET_NAME)";
				STRING_CATALOG_GENERATE_SYMBOLS = NO;
				SWIFT_APPROACHABLE_CONCURRENCY = YES;
				SWIFT_EMIT_LOC_STRINGS = NO;
				SWIFT_UPCOMING_FEATURE_MEMBER_IMPORT_VISIBILITY = YES;
				SWIFT_VERSION = 5.0;
				TEST_HOST = "$(BUILT_PRODUCTS_DIR)/Listen Here.app/$(BUNDLE_EXECUTABLE_FOLDER_PATH)/Listen Here";
			};
			name = Release;
		};
		CADBA5DC2F9407EF0063985A /* Debug */ = {
			isa = XCBuildConfiguration;
			buildSettings = {
				CODE_SIGN_STYLE = Automatic;
				CURRENT_PROJECT_VERSION = 1;
				DEVELOPMENT_TEAM = C4PV6RRM6Z;
				GENERATE_INFOPLIST_FILE = YES;
				MARKETING_VERSION = 1.0;
				PRODUCT_BUNDLE_IDENTIFIER = "prolapse-working.Listen-HereUITests";
				PRODUCT_NAME = "$(TARGET_NAME)";
				STRING_CATALOG_GENERATE_SYMBOLS = NO;
				SWIFT_APPROACHABLE_CONCURRENCY = YES;
				SWIFT_EMIT_LOC_STRINGS = NO;
				SWIFT_UPCOMING_FEATURE_MEMBER_IMPORT_VISIBILITY = YES;
				SWIFT_VERSION = 5.0;
				TEST_TARGET_NAME = "Listen Here";
			};
			name = Debug;
		};
		CADBA5DD2F9407EF0063985A /* Release */ = {
			isa = XCBuildConfiguration;
			buildSettings = {
				CODE_SIGN_STYLE = Automatic;
				CURRENT_PROJECT_VERSION = 1;
				DEVELOPMENT_TEAM = C4PV6RRM6Z;
				GENERATE_INFOPLIST_FILE = YES;
				MARKETING_VERSION = 1.0;
				PRODUCT_BUNDLE_IDENTIFIER = "prolapse-working.Listen-HereUITests";
				PRODUCT_NAME = "$(TARGET_NAME)";
				STRING_CATALOG_GENERATE_SYMBOLS = NO;
				SWIFT_APPROACHABLE_CONCURRENCY = YES;
				SWIFT_EMIT_LOC_STRINGS = NO;
				SWIFT_UPCOMING_FEATURE_MEMBER_IMPORT_VISIBILITY = YES;
				SWIFT_VERSION = 5.0;
				TEST_TARGET_NAME = "Listen Here";
			};
			name = Release;
		};
/* End XCBuildConfiguration section */

/* Begin XCConfigurationList section */
		CADBA5AF2F9407ED0063985A /* Build configuration list for PBXProject "Listen Here" */ = {
			isa = XCConfigurationList;
			buildConfigurations = (
				CADBA5D32F9407EF0063985A /* Debug */,
				CADBA5D42F9407EF0063985A /* Release */,
			);
			defaultConfigurationIsVisible = 0;
			defaultConfigurationName = Release;
		};
		CADBA5D52F9407EF0063985A /* Build configuration list for PBXNativeTarget "Listen Here" */ = {
			isa = XCConfigurationList;
			buildConfigurations = (
				CADBA5D62F9407EF0063985A /* Debug */,
				CADBA5D72F9407EF0063985A /* Release */,
			);
			defaultConfigurationIsVisible = 0;
			defaultConfigurationName = Release;
		};
		CADBA5D82F9407EF0063985A /* Build configuration list for PBXNativeTarget "Listen HereTests" */ = {
			isa = XCConfigurationList;
			buildConfigurations = (
				CADBA5D92F9407EF0063985A /* Debug */,
				CADBA5DA2F9407EF0063985A /* Release */,
			);
			defaultConfigurationIsVisible = 0;
			defaultConfigurationName = Release;
		};
		CADBA5DB2F9407EF0063985A /* Build configuration list for PBXNativeTarget "Listen HereUITests" */ = {
			isa = XCConfigurationList;
			buildConfigurations = (
				CADBA5DC2F9407EF0063985A /* Debug */,
				CADBA5DD2F9407EF0063985A /* Release */,
			);
			defaultConfigurationIsVisible = 0;
			defaultConfigurationName = Release;
		};
/* End XCConfigurationList section */
	};
	rootObject = CADBA5AC2F9407ED0063985A /* Project object */;
}
